# This file is automatically @generated by Poetry 1.7.1 and should not be changed by hand.

[[package]]
name = "schedule"
version = "1.2.1"
description = "Job scheduling for humans."
optional = false
python-versions = ">=3.7"
files = [
    {file = "schedule-1.2.1-py2.py3-none-any.whl", hash = "sha256:14cdeb083a596aa1de6dc77639a1b2ac8bf6eaafa82b1c9279d3612823063d01"},
    {file = "schedule-1.2.1.tar.gz", hash = "sha256:843bc0538b99c93f02b8b50e3e39886c06f2d003b24f48e1aa4cadfa3f341279"},
]

[metadata]
lock-version = "2.0"
python-versions = "^3.12"
content-hash = "81c285e004dca776bc423b62eb38b7cc72e7bcdb1217b75665aa56c4cbcf64ce"
